{
  "requires": true,
  "lockfileVersion": 1,
  "dependencies": {
    "mdbootstrap": {
      "version": "4.5.5",
      "resolved": "https://registry.npmjs.org/mdbootstrap/-/mdbootstrap-4.5.5.tgz",
      "integrity": "sha512-FUxM1ONSlwAKEn+PAcIWdFaeMZjQPSz8nrEy1hhWOLNoL0Z+pxvky83Bp7BoBFxFq8X9v7dm4x3ZMIhIoqLuZQ=="
    }
  }
}
